# THIS IS AN AUTOGENERATED FILE. DO NOT EDIT THIS FILE DIRECTLY.
# yarn lockfile v1


"@ai-sdk/provider@3.0.8":
  version "3.0.8"
  resolved "https://registry.yarnpkg.com/@ai-sdk/provider/-/provider-3.0.8.tgz#fd7fac7533c03534ac1d3fb710a6b96e2aa00263"
  integrity sha512-oGMAgGoQdBXbZqNG0Ze56CHjDZ1IDYOwGYxYjO5KLSlz5HiNQ9udIXsPZ61VWaHGZ5XW/jyjmr6t2xz2jGVwbQ==
  dependencies:
    json-schema "^0.4.0"

"@msgpackr-extract/msgpackr-extract-darwin-arm64@3.0.4":
  version "3.0.4"
  resolved "https://registry.yarnpkg.com/@msgpackr-extract/msgpackr-extract-darwin-arm64/-/msgpackr-extract-darwin-arm64-3.0.4.tgz#22619f76a6b10ba78c8b74025b0d9754cad69cc7"
  integrity sha512-LCkGo6JDfaBhgST7UpPWgNgLINpcpabaHfyz5OBx75nUYxBsaEPxjnyNjWpeb/xBup/682QnBfRBy2/LvPutZQ==

"@msgpackr-extract/msgpackr-extract-darwin-x64@3.0.4":
  version "3.0.4"
  resolved "https://registry.yarnpkg.com/@msgpackr-extract/msgpackr-extract-darwin-x64/-/msgpackr-extract-darwin-x64-3.0.4.tgz#c2fc0573afe08b0cf213e66eef76842b121d1577"
  integrity sha512-zExlW9zUJKZH/tOtVMttwjKa4Xm/3KcNjnE3dPN92uCktwavMxpgCA3MoJK/DOnTWsQgo224OaST27/mPNAf+w==

"@msgpackr-extract/msgpackr-extract-linux-arm64@3.0.4":
  version "3.0.4"
  resolved "https://registry.yarnpkg.com/@msgpackr-extract/msgpackr-extract-linux-arm64/-/msgpackr-extract-linux-arm64-3.0.4.tgz#4e3822f5522e18ed92611b894dc5db1bc882f39d"
  integrity sha512-dgX0P/9wGPJeHFBG+ZmhgE6bmtMt7NP5CRBGyyktpopdk/mW4POnrpQsSLtKI1dwpc+pPLuXHDh6vvskyQE/sw==

"@msgpackr-extract/msgpackr-extract-linux-arm@3.0.4":
  version "3.0.4"
  resolved "https://registry.yarnpkg.com/@msgpackr-extract/msgpackr-extract-linux-arm/-/msgpackr-extract-linux-arm-3.0.4.tgz#27ec4bc7eb6c311c982a50f1a6e1e1414638a6f8"
  integrity sha512-Tg3yX65f5GbtXLkrYEHE5oibZG9epyYWas7FogTTEJeDEF9JlXJzKgXaNhT3UXlTOeA+AfZpYZYZ0uPj7Cfquw==

"@msgpackr-extract/msgpackr-extract-linux-x64@3.0.4":
  version "3.0.4"
  resolved "https://registry.yarnpkg.com/@msgpackr-extract/msgpackr-extract-linux-x64/-/msgpackr-extract-linux-x64-3.0.4.tgz#37317d833c7d01d086f6155fa59c478adb6839f6"
  integrity sha512-8TNXMEjJc3QEy7R/x1INhgiU+XakDAFUzBhaz7+Rbrs8NH5UQeHQxxmzsSBJGyV6I1jW79undiQm8tOI+D+8FQ==

"@msgpackr-extract/msgpackr-extract-win32-x64@3.0.4":
  version "3.0.4"
  resolved "https://registry.yarnpkg.com/@msgpackr-extract/msgpackr-extract-win32-x64/-/msgpackr-extract-win32-x64-3.0.4.tgz#a1c79dcc9ae5f8c02aea8c2f144e5af6a822e5e8"
  integrity sha512-CmCXPQrkbwExx3j946/PtHWHbYJiCRBRDl4BlkRQcJB/YOwQxJRTpoo7aTsortjgoJ1x7opzTSxn7C+ASSLVjQ==

"@opencode-ai/plugin@^1.18.16":
  version "1.18.16"
  resolved "https://registry.yarnpkg.com/@opencode-ai/plugin/-/plugin-1.18.16.tgz#c15770dcee653cbb070d5a4a106475dcc589eebd"
  integrity sha512-XvlZ9CFAXqrNrmpTe+EhhRYnDhca6db1ebcB10v5JO8kSm1iFbVbPP982Qzc4MRSrfpPjD8W1fg13Ubnff377g==
  dependencies:
    "@ai-sdk/provider" "3.0.8"
    "@opencode-ai/sdk" "1.18.16"
    effect "4.0.0-beta.83"
    zod "4.1.8"

"@opencode-ai/sdk@1.18.16":
  version "1.18.16"
  resolved "https://registry.yarnpkg.com/@opencode-ai/sdk/-/sdk-1.18.16.tgz#ccd22684c5054e3830f62741d32b457b785d02a4"
  integrity sha512-UvaHyL93spLm7MttoprWTOBSYQN3aYWd7/3Ie5WNnG2pRAPq/U/d51qt0smYBTrkjxqlQmg+AJoGw8MEH6lGUg==
  dependencies:
    cross-spawn "7.0.6"

"@standard-schema/spec@^1.1.0":
  version "1.1.0"
  resolved "https://registry.yarnpkg.com/@standard-schema/spec/-/spec-1.1.0.tgz#a79b55dbaf8604812f52d140b2c9ab41bc150bb8"
  integrity sha512-l2aFy5jALhniG5HgqrD6jXLi/rUWrKvqN/qJx6yoJsgKhblVd+iqqU4RCXavm/jPityDo5TCvKMnpjKnOriy0w==

"@types/node@^25.x":
  version "25.6.0"
  resolved "https://registry.yarnpkg.com/@types/node/-/node-25.6.0.tgz#4e09bad9b469871f2d0f68140198cbd714f4edca"
  integrity sha512-+qIYRKdNYJwY3vRCZMdJbPLJAtGjQBudzZzdzwQYkEPQd+PJGixUL5QfvCLDaULoLv+RhT3LDkwEfKaAkgSmNQ==
  dependencies:
    undici-types "~7.19.0"

cross-spawn@7.0.6:
  version "7.0.6"
  resolved "https://registry.yarnpkg.com/cross-spawn/-/cross-spawn-7.0.6.tgz#8a58fe78f00dcd70c370451759dfbfaf03e8ee9f"
  integrity sha512-uV2QOWP2nWzsy2aMp8aRibhi9dlzF5Hgh5SHaB9OiTGEyDTiJJyx0uy51QXdyWbtAHNua4XJzUKca3OzKUd3vA==
  dependencies:
    path-key "^3.1.0"
    shebang-command "^2.0.0"
    which "^2.0.1"

detect-libc@^2.0.1:
  version "2.1.2"
  resolved "https://registry.yarnpkg.com/detect-libc/-/detect-libc-2.1.2.tgz#689c5dcdc1900ef5583a4cb9f6d7b473742074ad"
  integrity sha512-Btj2BOOO83o3WyH59e8MgXsxEQVcarkUOpEYrubB0urwnN10yQ364rsiByU11nZlqWYZm05i/of7io4mzihBtQ==

effect@4.0.0-beta.83:
  version "4.0.0-beta.83"
  resolved "https://registry.yarnpkg.com/effect/-/effect-4.0.0-beta.83.tgz#3741e06d7698e20ca4c63fe7f1ca6867e89e5a86"
  integrity sha512-0wsak8RtgGAr9UWSbVDgJHZcUqMSvicHcvaZv1MbMM7MCGgW4Rn/137J1MHQbwYPcwYGxT/IqehFd+UbYuj78w==
  dependencies:
    "@standard-schema/spec" "^1.1.0"
    fast-check "^4.8.0"
    find-my-way-ts "^0.1.6"
    ini "^7.0.0"
    kubernetes-types "^1.30.0"
    msgpackr "^2.0.1"
    multipasta "^0.2.7"
    toml "^4.1.1"
    uuid "^14.0.0"
    yaml "^2.9.0"

fast-check@^4.8.0:
  version "4.9.0"
  resolved "https://registry.yarnpkg.com/fast-check/-/fast-check-4.9.0.tgz#6337eb9861442b2534bb56a1406afd33dc018e78"
  integrity sha512-7ms6T7SybUev/PQITciI0yLM2pOSFy5zpG8Ty7tQofcVaQUvrMXp6CBwqF6fThLCLOrfBtuHAtwq6Yu4XPCllg==
  dependencies:
    pure-rand "^8.0.0"

find-my-way-ts@^0.1.6:
  version "0.1.6"
  resolved "https://registry.yarnpkg.com/find-my-way-ts/-/find-my-way-ts-0.1.6.tgz#37f7b8433d0f61e7fe7290772240b0c133b0ebf2"
  integrity sha512-a85L9ZoXtNAey3Y6Z+eBWW658kO/MwR7zIafkIUPUMf3isZG0NCs2pjW2wtjxAKuJPxMAsHUIP4ZPGv0o5gyTA==

ini@^7.0.0:
  version "7.0.0"
  resolved "https://registry.yarnpkg.com/ini/-/ini-7.0.0.tgz#d8b3ecbf9425a8581bd95921eb3be1a7948531d4"
  integrity sha512-ifK0CgjALofS5bkrcTy4RaQ9Vx2Knf/eLeIO+NaswQEpH1UblrtTSCIvN71qQDMq0PeQ/SSPojvEJp9vvvfr+w==

isexe@^2.0.0:
  version "2.0.0"
  resolved "https://registry.yarnpkg.com/isexe/-/isexe-2.0.0.tgz#e8fbf374dc556ff8947a10dcb0572d633f2cfa10"
  integrity sha512-RHxMLp9lnKHGHRng9QFhRCMbYAcVpn69smSGcq3f36xjgVVWThj4qqLbTLlq7Ssj8B+fIQ1EuCEGI2lKsyQeIw==

json-schema@^0.4.0:
  version "0.4.0"
  resolved "https://registry.yarnpkg.com/json-schema/-/json-schema-0.4.0.tgz#f7de4cf6efab838ebaeb3236474cbba5a1930ab5"
  integrity sha512-es94M3nTIfsEPisRafak+HDLfHXnKBhV3vU5eqPcS3flIWqcxJWgXHXiey3YrpaNsanY5ei1VoYEbOzijuq9BA==

kubernetes-types@^1.30.0:
  version "1.30.0"
  resolved "https://registry.yarnpkg.com/kubernetes-types/-/kubernetes-types-1.30.0.tgz#f686cacb08ffc5f7e89254899c2153c723420116"
  integrity sha512-Dew1okvhM/SQcIa2rcgujNndZwU8VnSapDgdxlYoB84ZlpAD43U6KLAFqYo17ykSFGHNPrg0qry0bP+GJd9v7Q==

msgpackr-extract@^3.0.4:
  version "3.0.4"
  resolved "https://registry.yarnpkg.com/msgpackr-extract/-/msgpackr-extract-3.0.4.tgz#d252698947f7a1a62478d22bfb789ba48dd4c1ac"
  integrity sha512-4kmO/MdyUIkLIvTPr8VHLil4AtoKIoniWPIEk5+CDy0xnWC84azhSFmuJ7PxZdsYtiP5kEeQsORAVIeMgxT+Hw==
  dependencies:
    node-gyp-build-optional-packages "5.2.2"
  optionalDependencies:
    "@msgpackr-extract/msgpackr-extract-darwin-arm64" "3.0.4"
    "@msgpackr-extract/msgpackr-extract-darwin-x64" "3.0.4"
    "@msgpackr-extract/msgpackr-extract-linux-arm" "3.0.4"
    "@msgpackr-extract/msgpackr-extract-linux-arm64" "3.0.4"
    "@msgpackr-extract/msgpackr-extract-linux-x64" "3.0.4"
    "@msgpackr-extract/msgpackr-extract-win32-x64" "3.0.4"

msgpackr@^2.0.1:
  version "2.0.5"
  resolved "https://registry.yarnpkg.com/msgpackr/-/msgpackr-2.0.5.tgz#ea4308164fad112f1bd4a7bf008445a8a613658a"
  integrity sha512-cef05H/dSYpLpqp3sj/qyZh5vhUYCalnaLO7j1yOmpsR0y/XwLVtK7r5gn+U/F7CTEfMowcGhlUQJDLcLf7jcA==
  optionalDependencies:
    msgpackr-extract "^3.0.4"

multipasta@^0.2.7:
  version "0.2.8"
  resolved "https://registry.yarnpkg.com/multipasta/-/multipasta-0.2.8.tgz#376cde8703c8496c498d16d8f602ceddfdbf0e4d"
  integrity sha512-ZPWuMKyv0cSO29f7hozp+k6+crZbQijV8ipMvxNxRf2SwtYGTX1ZX89Kd20VV4H9Znonx+EQn+iy1wGQsJ+b+Q==

node-gyp-build-optional-packages@5.2.2:
  version "5.2.2"
  resolved "https://registry.yarnpkg.com/node-gyp-build-optional-packages/-/node-gyp-build-optional-packages-5.2.2.tgz#522f50c2d53134d7f3a76cd7255de4ab6c96a3a4"
  integrity sha512-s+w+rBWnpTMwSFbaE0UXsRlg7hU4FjekKU4eyAih5T8nJuNZT1nNsskXpxmeqSK9UzkBl6UgRlnKc8hz8IEqOw==
  dependencies:
    detect-libc "^2.0.1"

path-key@^3.1.0:
  version "3.1.1"
  resolved "https://registry.yarnpkg.com/path-key/-/path-key-3.1.1.tgz#581f6ade658cbba65a0d3380de7753295054f375"
  integrity sha512-ojmeN0qd+y0jszEtoY48r0Peq5dwMEkIlCOu6Q5f41lfkswXuKtYrhgoTpLnyIcHm24Uhqx+5Tqm2InSwLhE6Q==

pure-rand@^8.0.0:
  version "8.4.2"
  resolved "https://registry.yarnpkg.com/pure-rand/-/pure-rand-8.4.2.tgz#c83a7284ba06fe80e22d04077c48cd93dbecd883"
  integrity sha512-vvuOGgcuPJAirlHvuQw1TrOiw7ptaIXXmIbNuiNOY6lNGJJH49PQ1Kj4nd783nPdQhQdicgOjVI2yI/9BD6/Ng==

shebang-command@^2.0.0:
  version "2.0.0"
  resolved "https://registry.yarnpkg.com/shebang-command/-/shebang-command-2.0.0.tgz#ccd0af4f8835fbdc265b82461aaf0c36663f34ea"
  integrity sha512-kHxr2zZpYtdmrN1qDjrrX/Z1rR1kG8Dx+gkpK1G4eXmvXswmcE1hTWBWYUzlraYw1/yZp6YuDY77YtvbN0dmDA==
  dependencies:
    shebang-regex "^3.0.0"

shebang-regex@^3.0.0:
  version "3.0.0"
  resolved "https://registry.yarnpkg.com/shebang-regex/-/shebang-regex-3.0.0.tgz#ae16f1644d873ecad843b0307b143362d4c42172"
  integrity sha512-7++dFhtcx3353uBaq8DDR4NuxBetBzC7ZQOhmTQInHEd6bSrXdiEyzCvG07Z44UYdLShWUyXt5M/yhz8ekcb1A==

toml@^4.1.1:
  version "4.3.0"
  resolved "https://registry.yarnpkg.com/toml/-/toml-4.3.0.tgz#10e2ff83296ec17d8935bf02364e4969cfeaae67"
  integrity sha512-lVb8X9BsPVuH0M4BKeS91tXAmJvCjQ5UIyAbQFaxkKGyUFK2RPkhwaFSQH8vbpl1d23eu/IBH+dwVMHWaq9A5A==

typescript@^5.8.3:
  version "5.9.3"
  resolved "https://registry.yarnpkg.com/typescript/-/typescript-5.9.3.tgz#5b4f59e15310ab17a216f5d6cf53ee476ede670f"
  integrity sha512-jl1vZzPDinLr9eUt3J/t7V6FgNEw9QjvBPdysz9KfQDD41fQrC2Y4vKQdiaUpFT4bXlb1RHhLpp8wtm6M5TgSw==

undici-types@~7.19.0:
  version "7.19.2"
  resolved "https://registry.yarnpkg.com/undici-types/-/undici-types-7.19.2.tgz#1b67fc26d0f157a0cba3a58a5b5c1e2276b8ba2a"
  integrity sha512-qYVnV5OEm2AW8cJMCpdV20CDyaN3g0AjDlOGf1OW4iaDEx8MwdtChUp4zu4H0VP3nDRF/8RKWH+IPp9uW0YGZg==

uuid@^14.0.0:
  version "14.0.1"
  resolved "https://registry.yarnpkg.com/uuid/-/uuid-14.0.1.tgz#8a5975b3e038902bfd169a10b5202f5ec0cf3faf"
  integrity sha512-6ZxzVpzDXDa3bJWaHilVayA+BH/1zmxCJoVgvmqJnid/gPoKHxUrS/aC/T6LGQtNHT+XHG9fXPJB4d+IrU30Ew==

which@^2.0.1:
  version "2.0.2"
  resolved "https://registry.yarnpkg.com/which/-/which-2.0.2.tgz#7c6a8dd0a636a0327e10b59c9286eee93f3f51b1"
  integrity sha512-BLI3Tl1TW3Pvl70l3yq3Y64i+awpwXqsGBYWkkqMtnbXgrMD+yj7rhW0kuEDxzJaYXGjEW5ogapKNMEKNMjibA==
  dependencies:
    isexe "^2.0.0"

yaml@^2.9.0:
  version "2.9.0"
  resolved "https://registry.yarnpkg.com/yaml/-/yaml-2.9.0.tgz#78274afd93598a1dfdd6130df6a566defcbf9aa4"
  integrity sha512-2AvhNX3mb8zd6Zy7INTtSpl1F15HW6Wnqj0srWlkKLcpYl/gMIMJiyuGq2KeI2YFxUPjdlB+3Lc10seMLtL4cA==

zod@4.1.8:
  version "4.1.8"
  resolved "https://registry.yarnpkg.com/zod/-/zod-4.1.8.tgz#54f024adc634dd185006a8415da2bdd495b9d92b"
  integrity sha512-5R1P+WwQqmmMIEACyzSvo4JXHY5WiAFHRMg+zBZKgKS+Q1viRa0C1hmUKtHltoIFKtIdki3pRxkmpP74jnNYHQ==
